
Microsoft Visual Studio Solution File, Format Version 11.00
# Visual Studio 2010
Project("{FAE04EC0-301F-11D3-BF4B-00C04F79EFBC}") = "Fishing", "Fishing\Fishing.csproj", "{3F7F6E7F-5A38-4641-95BF-645BA37F5ECF}"
EndProject
Global
	GlobalSection(SolutionConfigurationPlatforms) = preSolution
		Debug|Any CPU = Debug|Any CPU
		Debug|x64 = Debug|x64
		Debug|x86 = Debug|x86
		Release|Any CPU = Release|Any CPU
		Release|x64 = Release|x64
		Release|x86 = Release|x86
	EndGlobalSection
	GlobalSection(ProjectConfigurationPlatforms) = postSolution
		{3F7F6E7F-5A38-4641-95BF-645BA37F5ECF}.Debug|Any CPU.ActiveCfg = Debug|Any CPU
		{3F7F6E7F-5A38-4641-95BF-645BA37F5ECF}.Debug|Any CPU.Build.0 = Debug|Any CPU
		{3F7F6E7F-5A38-4641-95BF-645BA37F5ECF}.Debug|x64.ActiveCfg = Debug|x64
		{3F7F6E7F-5A38-4641-95BF-645BA37F5ECF}.Debug|x64.Build.0 = Debug|x64
		{3F7F6E7F-5A38-4641-95BF-645BA37F5ECF}.Debug|x86.ActiveCfg = Debug|x86
		{3F7F6E7F-5A38-4641-95BF-645BA37F5ECF}.Debug|x86.Build.0 = Debug|x86
		{3F7F6E7F-5A38-4641-95BF-645BA37F5ECF}.Release|Any CPU.ActiveCfg = Release|Any CPU
		{3F7F6E7F-5A38-4641-95BF-645BA37F5ECF}.Release|Any CPU.Build.0 = Release|Any CPU
		{3F7F6E7F-5A38-4641-95BF-645BA37F5ECF}.Release|x64.ActiveCfg = Release|x64
		{3F7F6E7F-5A38-4641-95BF-645BA37F5ECF}.Release|x64.Build.0 = Release|x64
		{3F7F6E7F-5A38-4641-95BF-645BA37F5ECF}.Release|x86.ActiveCfg = Release|x86
		{3F7F6E7F-5A38-4641-95BF-645BA37F5ECF}.Release|x86.Build.0 = Release|x86
	EndGlobalSection
	GlobalSection(SolutionProperties) = preSolution
		HideSolutionNode = FALSE
	EndGlobalSection
EndGlobal
